
Microsoft Visual Studio Solution File, Format Version 12.00
# Visual Studio Version 16
VisualStudioVersion = 16.0.30225.117
MinimumVisualStudioVersion = 10.0.40219.1
Project("{FAE04EC0-301F-11D3-BF4B-00C04F79EFBC}") = "SingulaRDemo", "SingulaRDemo\SingulaRDemo.csproj", "{999F9737-526C-4065-9CDC-147DA8DF025F}"
EndProject
Global
	GlobalSection(SolutionConfigurationPlatforms) = preSolution
		Debug|Any CPU = Debug|Any CPU
		Release|Any CPU = Release|Any CPU
	EndGlobalSection
	GlobalSection(ProjectConfigurationPlatforms) = postSolution
		{999F9737-526C-4065-9CDC-147DA8DF025F}.Debug|Any CPU.ActiveCfg = Debug|Any CPU
		{999F9737-526C-4065-9CDC-147DA8DF025F}.Debug|Any CPU.Build.0 = Debug|Any CPU
		{999F9737-526C-4065-9CDC-147DA8DF025F}.Release|Any CPU.ActiveCfg = Release|Any CPU
		{999F9737-526C-4065-9CDC-147DA8DF025F}.Release|Any CPU.Build.0 = Release|Any CPU
	EndGlobalSection
	GlobalSection(SolutionProperties) = preSolution
		HideSolutionNode = FALSE
	EndGlobalSection
	GlobalSection(ExtensibilityGlobals) = postSolution
		SolutionGuid = {8E39FA1B-1D5E-4C55-9920-2C2B809E6F2F}
	EndGlobalSection
EndGlobal
